Microsoft Visual Studio Solution File, Format Version 11.00
# Visual Studio 2010
Project("{2150E333-8FDC-42A3-9474-1A3956D46DE8}") = "demos", "demos", "{00BC9A4F-C76C-4BBB-B4E9-88F3E2FFADB2}"
EndProject
Project("{8BC9CEB8-8B4A-11D0-8D11-00A0C91BC942}") = "DX10Render", "DX10Render\DX10Render.vcxproj", "{B28DD0EA-B951-4E53-BDAE-515905DE59C3}"
EndProject
Project("{8BC9CEB8-8B4A-11D0-8D11-00A0C91BC942}") = "common", "common\common.vcxproj", "{6D301912-935E-4DE6-9249-65BB47FAFC5D}"
EndProject
Project("{8BC9CEB8-8B4A-11D0-8D11-00A0C91BC942}") = "GL3Render", "GL3Render\GL3Render.vcxproj", "{255C8A62-75C4-48CA-8946-8C5C4143F168}"
EndProject
Project("{8BC9CEB8-8B4A-11D0-8D11-00A0C91BC942}") = "brUGE", "brUGE\brUGE.vcxproj", "{5E4A476A-5FFE-41E9-B6C4-100616FA7A10}"
EndProject
Project("{8BC9CEB8-8B4A-11D0-8D11-00A0C91BC942}") = "control", "control\control.vcxproj", "{81F476DA-88D5-4821-96AF-F96705D23ED1}"
EndProject
Project("{8BC9CEB8-8B4A-11D0-8D11-00A0C91BC942}") = "Demo_2", "..\demos\Demo_2\Demo_2.vcxproj", "{08084B68-B108-42ED-ADA8-8EB2A485C22F}"
	ProjectSection(ProjectDependencies) = postProject
		{5E4A476A-5FFE-41E9-B6C4-100616FA7A10} = {5E4A476A-5FFE-41E9-B6C4-100616FA7A10}
	EndProjectSection
EndProject
Global
	GlobalSection(SolutionConfigurationPlatforms) = preSolution
		Debug|Win32 = Debug|Win32
		release_LTCG|Win32 = release_LTCG|Win32
		Release|Win32 = Release|Win32
	EndGlobalSection
	GlobalSection(ProjectConfigurationPlatforms) = postSolution
		{B28DD0EA-B951-4E53-BDAE-515905DE59C3}.Debug|Win32.ActiveCfg = Debug|Win32
		{B28DD0EA-B951-4E53-BDAE-515905DE59C3}.Debug|Win32.Build.0 = Debug|Win32
		{B28DD0EA-B951-4E53-BDAE-515905DE59C3}.release_LTCG|Win32.ActiveCfg = release_LTCG|Win32
		{B28DD0EA-B951-4E53-BDAE-515905DE59C3}.release_LTCG|Win32.Build.0 = release_LTCG|Win32
		{B28DD0EA-B951-4E53-BDAE-515905DE59C3}.Release|Win32.ActiveCfg = Release|Win32
		{B28DD0EA-B951-4E53-BDAE-515905DE59C3}.Release|Win32.Build.0 = Release|Win32
		{6D301912-935E-4DE6-9249-65BB47FAFC5D}.Debug|Win32.ActiveCfg = Debug|Win32
		{6D301912-935E-4DE6-9249-65BB47FAFC5D}.Debug|Win32.Build.0 = Debug|Win32
		{6D301912-935E-4DE6-9249-65BB47FAFC5D}.release_LTCG|Win32.ActiveCfg = release_LTCG|Win32
		{6D301912-935E-4DE6-9249-65BB47FAFC5D}.release_LTCG|Win32.Build.0 = release_LTCG|Win32
		{6D301912-935E-4DE6-9249-65BB47FAFC5D}.Release|Win32.ActiveCfg = Release|Win32
		{6D301912-935E-4DE6-9249-65BB47FAFC5D}.Release|Win32.Build.0 = Release|Win32
		{255C8A62-75C4-48CA-8946-8C5C4143F168}.Debug|Win32.ActiveCfg = Debug|Win32
		{255C8A62-75C4-48CA-8946-8C5C4143F168}.Debug|Win32.Build.0 = Debug|Win32
		{255C8A62-75C4-48CA-8946-8C5C4143F168}.release_LTCG|Win32.ActiveCfg = Release|Win32
		{255C8A62-75C4-48CA-8946-8C5C4143F168}.Release|Win32.ActiveCfg = Release|Win32
		{255C8A62-75C4-48CA-8946-8C5C4143F168}.Release|Win32.Build.0 = Release|Win32
		{5E4A476A-5FFE-41E9-B6C4-100616FA7A10}.Debug|Win32.ActiveCfg = Debug|Win32
		{5E4A476A-5FFE-41E9-B6C4-100616FA7A10}.Debug|Win32.Build.0 = Debug|Win32
		{5E4A476A-5FFE-41E9-B6C4-100616FA7A10}.release_LTCG|Win32.ActiveCfg = release_LTCG|Win32
		{5E4A476A-5FFE-41E9-B6C4-100616FA7A10}.release_LTCG|Win32.Build.0 = release_LTCG|Win32
		{5E4A476A-5FFE-41E9-B6C4-100616FA7A10}.Release|Win32.ActiveCfg = Release|Win32
		{5E4A476A-5FFE-41E9-B6C4-100616FA7A10}.Release|Win32.Build.0 = Release|Win32
		{81F476DA-88D5-4821-96AF-F96705D23ED1}.Debug|Win32.ActiveCfg = Debug|Win32
		{81F476DA-88D5-4821-96AF-F96705D23ED1}.Debug|Win32.Build.0 = Debug|Win32
		{81F476DA-88D5-4821-96AF-F96705D23ED1}.release_LTCG|Win32.ActiveCfg = release_LTCG|Win32
		{81F476DA-88D5-4821-96AF-F96705D23ED1}.release_LTCG|Win32.Build.0 = release_LTCG|Win32
		{81F476DA-88D5-4821-96AF-F96705D23ED1}.Release|Win32.ActiveCfg = Release|Win32
		{81F476DA-88D5-4821-96AF-F96705D23ED1}.Release|Win32.Build.0 = Release|Win32
		{08084B68-B108-42ED-ADA8-8EB2A485C22F}.Debug|Win32.ActiveCfg = Debug|Win32
		{08084B68-B108-42ED-ADA8-8EB2A485C22F}.Debug|Win32.Build.0 = Debug|Win32
		{08084B68-B108-42ED-ADA8-8EB2A485C22F}.release_LTCG|Win32.ActiveCfg = release_LTCG|Win32
		{08084B68-B108-42ED-ADA8-8EB2A485C22F}.release_LTCG|Win32.Build.0 = release_LTCG|Win32
		{08084B68-B108-42ED-ADA8-8EB2A485C22F}.Release|Win32.ActiveCfg = Release|Win32
		{08084B68-B108-42ED-ADA8-8EB2A485C22F}.Release|Win32.Build.0 = Release|Win32
	EndGlobalSection
	GlobalSection(SolutionProperties) = preSolution
		HideSolutionNode = FALSE
	EndGlobalSection
	GlobalSection(NestedProjects) = preSolution
		{08084B68-B108-42ED-ADA8-8EB2A485C22F} = {00BC9A4F-C76C-4BBB-B4E9-88F3E2FFADB2}
	EndGlobalSection
EndGlobal
