Microsoft Visual Studio Solution File, Format Version 11.00
# Visual Studio 2010
Project("{2150E333-8FDC-42A3-9474-1A3956D46DE8}") = "demos", "demos", "{00BC9A4F-C76C-4BBB-B4E9-88F3E2FFADB2}"
EndProject
Project("{8BC9CEB8-8B4A-11D0-8D11-00A0C91BC942}") = "DX10Render", "DX10Render\DX10Render.vcxproj", "{B28DD0EA-B951-4E53-BDAE-515905DE59C3}"
EndProject
Project("{8BC9CEB8-8B4A-11D0-8D11-00A0C91BC942}") = "common", "common\common.vcxproj", "{6D301912-935E-4DE6-9249-65BB47FAFC5D}"
EndProject
Project("{8BC9CEB8-8B4A-11D0-8D11-00A0C91BC942}") = "GL3Render", "GL3Render\GL3Render.vcxproj", "{255C8A62-75C4-48CA-8946-8C5C4143F168}"
EndProject
Project("{8BC9CEB8-8B4A-11D0-8D11-00A0C91BC942}") = "brUGE", "brUGE\brUGE.vcxproj", "{5E4A476A-5FFE-41E9-B6C4-100616FA7A10}"
EndProject
Project("{8BC9CEB8-8B4A-11D0-8D11-00A0C91BC942}") = "control", "control\control.vcxproj", "{81F476DA-88D5-4821-96AF-F96705D23ED1}"
EndProject
Project("{8BC9CEB8-8B4A-11D0-8D11-00A0C91BC942}") = "RayTracing_demo", "..\demos\RayTracing_demo\RayTracing_demo.vcxproj", "{303A29F5-D363-47D2-9ED5-C0F8150CA5F9}"
EndProject
Project("{8BC9CEB8-8B4A-11D0-8D11-00A0C91BC942}") = "Demo_1", "..\demos\Demo_1\Demo_1.vcxproj", "{95841F48-1BD8-496E-B031-38F24B55EFA8}"
EndProject
Project("{8BC9CEB8-8B4A-11D0-8D11-00A0C91BC942}") = "Shadow_demo", "..\demos\Shadow_demo\Shadow_demo.vcxproj", "{33EC58C3-EBC3-4A3A-9865-B30DF0C84476}"
EndProject
Project("{8BC9CEB8-8B4A-11D0-8D11-00A0C91BC942}") = "Demo_2", "..\demos\Demo_2\Demo_2.vcxproj", "{08084B68-B108-42ED-ADA8-8EB2A485C22F}"
	ProjectSection(ProjectDependencies) = postProject
		{5E4A476A-5FFE-41E9-B6C4-100616FA7A10} = {5E4A476A-5FFE-41E9-B6C4-100616FA7A10}
	EndProjectSection
EndProject
Project("{8BC9CEB8-8B4A-11D0-8D11-00A0C91BC942}") = "Fur_Demo", "..\demos\Fur_Demo\Fur_Demo.vcxproj", "{53A4B4EC-7CDC-4C67-A125-E8CBC84C4FAC}"
EndProject
Project("{8BC9CEB8-8B4A-11D0-8D11-00A0C91BC942}") = "SkinnedModel_demo", "..\demos\SkinnedModel_demo\SkinnedModel_demo.vcxproj", "{85F2EB4D-9DA2-46EF-A093-556A3C21B136}"
EndProject
Global
	GlobalSection(SolutionConfigurationPlatforms) = preSolution
		Debug|Win32 = Debug|Win32
		Release|Win32 = Release|Win32
	EndGlobalSection
	GlobalSection(ProjectConfigurationPlatforms) = postSolution
		{B28DD0EA-B951-4E53-BDAE-515905DE59C3}.Debug|Win32.ActiveCfg = Debug|Win32
		{B28DD0EA-B951-4E53-BDAE-515905DE59C3}.Debug|Win32.Build.0 = Debug|Win32
		{B28DD0EA-B951-4E53-BDAE-515905DE59C3}.Release|Win32.ActiveCfg = Release|Win32
		{B28DD0EA-B951-4E53-BDAE-515905DE59C3}.Release|Win32.Build.0 = Release|Win32
		{6D301912-935E-4DE6-9249-65BB47FAFC5D}.Debug|Win32.ActiveCfg = Debug|Win32
		{6D301912-935E-4DE6-9249-65BB47FAFC5D}.Debug|Win32.Build.0 = Debug|Win32
		{6D301912-935E-4DE6-9249-65BB47FAFC5D}.Release|Win32.ActiveCfg = Release|Win32
		{6D301912-935E-4DE6-9249-65BB47FAFC5D}.Release|Win32.Build.0 = Release|Win32
		{255C8A62-75C4-48CA-8946-8C5C4143F168}.Debug|Win32.ActiveCfg = Debug|Win32
		{255C8A62-75C4-48CA-8946-8C5C4143F168}.Debug|Win32.Build.0 = Debug|Win32
		{255C8A62-75C4-48CA-8946-8C5C4143F168}.Release|Win32.ActiveCfg = Release|Win32
		{255C8A62-75C4-48CA-8946-8C5C4143F168}.Release|Win32.Build.0 = Release|Win32
		{5E4A476A-5FFE-41E9-B6C4-100616FA7A10}.Debug|Win32.ActiveCfg = Debug|Win32
		{5E4A476A-5FFE-41E9-B6C4-100616FA7A10}.Debug|Win32.Build.0 = Debug|Win32
		{5E4A476A-5FFE-41E9-B6C4-100616FA7A10}.Release|Win32.ActiveCfg = Release|Win32
		{5E4A476A-5FFE-41E9-B6C4-100616FA7A10}.Release|Win32.Build.0 = Release|Win32
		{81F476DA-88D5-4821-96AF-F96705D23ED1}.Debug|Win32.ActiveCfg = Debug|Win32
		{81F476DA-88D5-4821-96AF-F96705D23ED1}.Debug|Win32.Build.0 = Debug|Win32
		{81F476DA-88D5-4821-96AF-F96705D23ED1}.Release|Win32.ActiveCfg = Release|Win32
		{81F476DA-88D5-4821-96AF-F96705D23ED1}.Release|Win32.Build.0 = Release|Win32
		{303A29F5-D363-47D2-9ED5-C0F8150CA5F9}.Debug|Win32.ActiveCfg = Debug|Win32
		{303A29F5-D363-47D2-9ED5-C0F8150CA5F9}.Debug|Win32.Build.0 = Debug|Win32
		{303A29F5-D363-47D2-9ED5-C0F8150CA5F9}.Release|Win32.ActiveCfg = Release|Win32
		{303A29F5-D363-47D2-9ED5-C0F8150CA5F9}.Release|Win32.Build.0 = Release|Win32
		{95841F48-1BD8-496E-B031-38F24B55EFA8}.Debug|Win32.ActiveCfg = Debug|Win32
		{95841F48-1BD8-496E-B031-38F24B55EFA8}.Debug|Win32.Build.0 = Debug|Win32
		{95841F48-1BD8-496E-B031-38F24B55EFA8}.Release|Win32.ActiveCfg = Release|Win32
		{95841F48-1BD8-496E-B031-38F24B55EFA8}.Release|Win32.Build.0 = Release|Win32
		{33EC58C3-EBC3-4A3A-9865-B30DF0C84476}.Debug|Win32.ActiveCfg = Debug|Win32
		{33EC58C3-EBC3-4A3A-9865-B30DF0C84476}.Debug|Win32.Build.0 = Debug|Win32
		{33EC58C3-EBC3-4A3A-9865-B30DF0C84476}.Release|Win32.ActiveCfg = Release|Win32
		{33EC58C3-EBC3-4A3A-9865-B30DF0C84476}.Release|Win32.Build.0 = Release|Win32
		{08084B68-B108-42ED-ADA8-8EB2A485C22F}.Debug|Win32.ActiveCfg = Debug|Win32
		{08084B68-B108-42ED-ADA8-8EB2A485C22F}.Debug|Win32.Build.0 = Debug|Win32
		{08084B68-B108-42ED-ADA8-8EB2A485C22F}.Release|Win32.ActiveCfg = Release|Win32
		{08084B68-B108-42ED-ADA8-8EB2A485C22F}.Release|Win32.Build.0 = Release|Win32
		{53A4B4EC-7CDC-4C67-A125-E8CBC84C4FAC}.Debug|Win32.ActiveCfg = Debug|Win32
		{53A4B4EC-7CDC-4C67-A125-E8CBC84C4FAC}.Debug|Win32.Build.0 = Debug|Win32
		{53A4B4EC-7CDC-4C67-A125-E8CBC84C4FAC}.Release|Win32.ActiveCfg = Release|Win32
		{53A4B4EC-7CDC-4C67-A125-E8CBC84C4FAC}.Release|Win32.Build.0 = Release|Win32
		{85F2EB4D-9DA2-46EF-A093-556A3C21B136}.Debug|Win32.ActiveCfg = Debug|Win32
		{85F2EB4D-9DA2-46EF-A093-556A3C21B136}.Debug|Win32.Build.0 = Debug|Win32
		{85F2EB4D-9DA2-46EF-A093-556A3C21B136}.Release|Win32.ActiveCfg = Release|Win32
		{85F2EB4D-9DA2-46EF-A093-556A3C21B136}.Release|Win32.Build.0 = Release|Win32
	EndGlobalSection
	GlobalSection(SolutionProperties) = preSolution
		HideSolutionNode = FALSE
	EndGlobalSection
	GlobalSection(NestedProjects) = preSolution
		{303A29F5-D363-47D2-9ED5-C0F8150CA5F9} = {00BC9A4F-C76C-4BBB-B4E9-88F3E2FFADB2}
		{95841F48-1BD8-496E-B031-38F24B55EFA8} = {00BC9A4F-C76C-4BBB-B4E9-88F3E2FFADB2}
		{33EC58C3-EBC3-4A3A-9865-B30DF0C84476} = {00BC9A4F-C76C-4BBB-B4E9-88F3E2FFADB2}
		{08084B68-B108-42ED-ADA8-8EB2A485C22F} = {00BC9A4F-C76C-4BBB-B4E9-88F3E2FFADB2}
		{53A4B4EC-7CDC-4C67-A125-E8CBC84C4FAC} = {00BC9A4F-C76C-4BBB-B4E9-88F3E2FFADB2}
		{85F2EB4D-9DA2-46EF-A093-556A3C21B136} = {00BC9A4F-C76C-4BBB-B4E9-88F3E2FFADB2}
	EndGlobalSection
EndGlobal
