<?xml version="1.0" encoding="utf-8"?>
<Project ToolsVersion="4.0" xmlns="http://schemas.microsoft.com/developer/msbuild/2003">
  <ItemGroup>
    <Filter Include="shaders">
      <UniqueIdentifier>{a277bee7-98c3-4739-bff9-24f93d1256e0}</UniqueIdentifier>
    </Filter>
    <Filter Include="materials">
      <UniqueIdentifier>{d96e65ae-1af6-4956-b953-1ea4b48c1e66}</UniqueIdentifier>
    </Filter>
    <Filter Include="post-processing">
      <UniqueIdentifier>{42fd4b3e-c6be-4be8-b62e-22077651e4fb}</UniqueIdentifier>
    </Filter>
  </ItemGroup>
  <ItemGroup>
    <None Include="ambient.hlsl">
      <Filter>shaders</Filter>
    </None>
    <None Include="common.hlsl">
      <Filter>shaders</Filter>
    </None>
    <None Include="console.hlsl">
      <Filter>shaders</Filter>
    </None>
    <None Include="debug_solid.hlsl">
      <Filter>shaders</Filter>
    </None>
    <None Include="debug_wire.hlsl">
      <Filter>shaders</Filter>
    </None>
    <None Include="decals.hlsl">
      <Filter>shaders</Filter>
    </None>
    <None Include="diffuse.hlsl">
      <Filter>shaders</Filter>
    </None>
    <None Include="dir_lights_resolve.hlsl">
      <Filter>shaders</Filter>
    </None>
    <None Include="dlaa.hlsl">
      <Filter>shaders</Filter>
    </None>
    <None Include="font.hlsl">
      <Filter>shaders</Filter>
    </None>
    <None Include="gui.hlsl">
      <Filter>shaders</Filter>
    </None>
    <None Include="point_lights_resolve.hlsl">
      <Filter>shaders</Filter>
    </None>
    <None Include="post_processing.hlsl">
      <Filter>shaders</Filter>
    </None>
    <None Include="skinned_z_pre_pass.hlsl">
      <Filter>shaders</Filter>
    </None>
    <None Include="spot_lights_resolve.hlsl">
      <Filter>shaders</Filter>
    </None>
    <None Include="ssaa.hlsl">
      <Filter>shaders</Filter>
    </None>
    <None Include="test.hlsl">
      <Filter>shaders</Filter>
    </None>
    <None Include="z_pre_pass.hlsl">
      <Filter>shaders</Filter>
    </None>
    <None Include="..\system\materials.xml" />
    <None Include="..\materials\cow.mtl">
      <Filter>materials</Filter>
    </None>
    <None Include="..\materials\debug_solid.mtl">
      <Filter>materials</Filter>
    </None>
    <None Include="..\materials\debug_wire.mtl">
      <Filter>materials</Filter>
    </None>
    <None Include="..\materials\decals.mtl">
      <Filter>materials</Filter>
    </None>
    <None Include="..\materials\exp_barrel.mtl">
      <Filter>materials</Filter>
    </None>
    <None Include="..\materials\gui.mtl">
      <Filter>materials</Filter>
    </None>
    <None Include="..\materials\lights.mtl">
      <Filter>materials</Filter>
    </None>
    <None Include="..\materials\metalbox1.mtl">
      <Filter>materials</Filter>
    </None>
    <None Include="..\materials\p_barrel.mtl">
      <Filter>materials</Filter>
    </None>
    <None Include="..\materials\palm.mtl">
      <Filter>materials</Filter>
    </None>
    <None Include="..\materials\plane.mtl">
      <Filter>materials</Filter>
    </None>
    <None Include="..\materials\player.mtl">
      <Filter>materials</Filter>
    </None>
    <None Include="..\materials\pole.mtl">
      <Filter>materials</Filter>
    </None>
    <None Include="..\materials\ssaa.mtl">
      <Filter>materials</Filter>
    </None>
    <None Include="..\materials\woodGate.mtl">
      <Filter>materials</Filter>
    </None>
    <None Include="..\post_processing\ssaa.pp">
      <Filter>post-processing</Filter>
    </None>
    <None Include="..\post_processing\test.pp">
      <Filter>post-processing</Filter>
    </None>
    <None Include="ping_pong.hlsl">
      <Filter>shaders</Filter>
    </None>
    <None Include="shadow_resolve.hlsl">
      <Filter>shaders</Filter>
    </None>
    <None Include="..\materials\shadows.mtl">
      <Filter>materials</Filter>
    </None>
    <None Include="skinned_cast_shadows.hlsl">
      <Filter>shaders</Filter>
    </None>
    <None Include="cast_shadows.hlsl">
      <Filter>shaders</Filter>
    </None>
    <None Include="skinned_diffuse.hlsl">
      <Filter>shaders</Filter>
    </None>
  </ItemGroup>
</Project>