
Microsoft Visual Studio Solution File, Format Version 11.00
# Visual Studio 2010
Project("{8BC9CEB8-8B4A-11D0-8D11-00A0C91BC942}") = "collada2mesh", "collada2mesh\collada2mesh.vcxproj", "{2A8070D1-FF38-4A16-9137-ECF7CD3443EE}"
	ProjectSection(ProjectDependencies) = postProject
		{6D301912-935E-4DE6-9249-65BB47FAFC5D} = {6D301912-935E-4DE6-9249-65BB47FAFC5D}
	EndProjectSection
EndProject
Project("{8BC9CEB8-8B4A-11D0-8D11-00A0C91BC942}") = "common", "..\..\projects\common\common.vcxproj", "{6D301912-935E-4DE6-9249-65BB47FAFC5D}"
EndProject
Global
	GlobalSection(SolutionConfigurationPlatforms) = preSolution
		Debug|Win32 = Debug|Win32
		release_LTCG|Win32 = release_LTCG|Win32
		Release|Win32 = Release|Win32
	EndGlobalSection
	GlobalSection(ProjectConfigurationPlatforms) = postSolution
		{2A8070D1-FF38-4A16-9137-ECF7CD3443EE}.Debug|Win32.ActiveCfg = Debug|Win32
		{2A8070D1-FF38-4A16-9137-ECF7CD3443EE}.Debug|Win32.Build.0 = Debug|Win32
		{2A8070D1-FF38-4A16-9137-ECF7CD3443EE}.release_LTCG|Win32.ActiveCfg = Release|Win32
		{2A8070D1-FF38-4A16-9137-ECF7CD3443EE}.release_LTCG|Win32.Build.0 = Release|Win32
		{2A8070D1-FF38-4A16-9137-ECF7CD3443EE}.Release|Win32.ActiveCfg = Release|Win32
		{2A8070D1-FF38-4A16-9137-ECF7CD3443EE}.Release|Win32.Build.0 = Release|Win32
		{6D301912-935E-4DE6-9249-65BB47FAFC5D}.Debug|Win32.ActiveCfg = Debug|Win32
		{6D301912-935E-4DE6-9249-65BB47FAFC5D}.Debug|Win32.Build.0 = Debug|Win32
		{6D301912-935E-4DE6-9249-65BB47FAFC5D}.release_LTCG|Win32.ActiveCfg = release_LTCG|Win32
		{6D301912-935E-4DE6-9249-65BB47FAFC5D}.release_LTCG|Win32.Build.0 = release_LTCG|Win32
		{6D301912-935E-4DE6-9249-65BB47FAFC5D}.Release|Win32.ActiveCfg = Release|Win32
		{6D301912-935E-4DE6-9249-65BB47FAFC5D}.Release|Win32.Build.0 = Release|Win32
	EndGlobalSection
	GlobalSection(SolutionProperties) = preSolution
		HideSolutionNode = FALSE
	EndGlobalSection
EndGlobal
